{
  "nodes": {
    "nixpkgs": {
      "locked": {
        "lastModified": 1672350804,
        "narHash": "sha256-jo6zkiCabUBn3ObuKXHGqqORUMH27gYDIFFfLq5P4wg=",
        "owner": "NixOS",
        "repo": "nixpkgs",
        "rev": "677ed08a50931e38382dbef01cba08a8f7eac8f6",
        "type": "github"
      },
      "original": {
        "id": "nixpkgs",
        "ref": "nixos-unstable",
        "type": "indirect"
      }
    },
    "root": {
      "inputs": {
        "nixpkgs": "nixpkgs",
        "vendor-kernel": "vendor-kernel"
      }
    },
    "vendor-kernel": {
      "flake": false,
      "locked": {
        "lastModified": 1672397993,
        "narHash": "sha256-7O4FFtYl52jbTKph1HMPmYOrH6Sa14o8wcWzLpgVVpM=",
        "owner": "yodalf",
        "repo": "linux-smx6_5.8.18",
        "rev": "4eb7bb4e143bc771c68322ac880a78cc9734eb2d",
        "type": "github"
      },
      "original": {
        "owner": "yodalf",
        "ref": "main",
        "repo": "linux-smx6_5.8.18",
        "type": "github"
      }
    }
  },
  "root": "root",
  "version": 7
}
