{
  "nodes": {
    "nixpkgs": {
      "locked": {
        "lastModified": 1672080458,
        "narHash": "sha256-Ukjn8YUwZevxDPaVUmTx2sf9bCcIJSasmLz+xjGBKrs=",
        "owner": "NixOS",
        "repo": "nixpkgs",
        "rev": "1eb875e811dd59e21e77f6337f2c1592889b48b3",
        "type": "github"
      },
      "original": {
        "id": "nixpkgs",
        "ref": "nixos-unstable",
        "type": "indirect"
      }
    },
    "root": {
      "inputs": {
        "nixpkgs": "nixpkgs",
        "vendor-kernel": "vendor-kernel"
      }
    },
    "vendor-kernel": {
      "flake": false,
      "locked": {
        "lastModified": 1672184378,
        "narHash": "sha256-F7AFuw5Z4fJBNQ2eDibxXRgBnhSpDTem2pgiHHmPf0U=",
        "owner": "yodalf",
        "repo": "linux-smx6_5.8.18",
        "rev": "b7b42b90459da5f997dd314084b4941583e4e643",
        "type": "github"
      },
      "original": {
        "owner": "yodalf",
        "ref": "main",
        "repo": "linux-smx6_5.8.18",
        "type": "github"
      }
    }
  },
  "root": "root",
  "version": 7
}
