{
  "nodes": {
    "nixpkgs": {
      "locked": {
        "lastModified": 1672350804,
        "narHash": "sha256-jo6zkiCabUBn3ObuKXHGqqORUMH27gYDIFFfLq5P4wg=",
        "owner": "NixOS",
        "repo": "nixpkgs",
        "rev": "677ed08a50931e38382dbef01cba08a8f7eac8f6",
        "type": "github"
      },
      "original": {
        "id": "nixpkgs",
        "ref": "nixos-unstable",
        "type": "indirect"
      }
    },
    "root": {
      "inputs": {
        "nixpkgs": "nixpkgs",
        "vendor-kernel": "vendor-kernel"
      }
    },
    "vendor-kernel": {
      "flake": false,
      "locked": {
        "lastModified": 1672504600,
        "narHash": "sha256-JXUA8k6oUGCqjhlwa9N9T3Kb5YIJR5I1uVL0Hir5+Aw=",
        "owner": "yodalf",
        "repo": "linux-smx6_5.8.18",
        "rev": "2b088678ee3b5f3e421c613dda1559e442b9e6b3",
        "type": "github"
      },
      "original": {
        "owner": "yodalf",
        "ref": "2b088678ee3b5f3e421c613dda1559e",
        "repo": "linux-smx6_5.8.18",
        "type": "github"
      }
    }
  },
  "root": "root",
  "version": 7
}
